// !$*UTF8*$!
{
	archiveVersion = 1;
	classes = {
	};
	objectVersion = 51;
	objects = {

/* Begin PBXBuildFile section */
		6E22D6BB25F502CE0004B65E /* Localizable.strings in Resources */ = {isa = PBXBuildFile; fileRef = 6E22D6BD25F502CE0004B65E /* Localizable.strings */; };
		6E22D6C025F503A70004B65E /* LanguageConstants.swift in Sources */ = {isa = PBXBuildFile; fileRef = 6E22D6BF25F503A70004B65E /* LanguageConstants.swift */; };
		6E38EA6F25F02E5200430229 /* ARViewController.swift in Sources */ = {isa = PBXBuildFile; fileRef = 6E38EA6E25F02E5200430229 /* ARViewController.swift */; };
		6E43D850263A16EE00943FE4 /* GlobalManager.swift in Sources */ = {isa = PBXBuildFile; fileRef = 6E43D84F263A16EE00943FE4 /* GlobalManager.swift */; };
		6E573A23263AC76600BAA376 /* RoundedCornersShape.swift in Sources */ = {isa = PBXBuildFile; fileRef = 6E573A22263AC76600BAA376 /* RoundedCornersShape.swift */; };
		6E59684225ED69E2003A1D3C /* WPI2020App.swift in Sources */ = {isa = PBXBuildFile; fileRef = 6E59684125ED69E2003A1D3C /* WPI2020App.swift */; };
		6E59684425ED69E2003A1D3C /* ContentView.swift in Sources */ = {isa = PBXBuildFile; fileRef = 6E59684325ED69E2003A1D3C /* ContentView.swift */; };
		6E59684625ED69E3003A1D3C /* Assets.xcassets in Resources */ = {isa = PBXBuildFile; fileRef = 6E59684525ED69E3003A1D3C /* Assets.xcassets */; };
		6E59684925ED69E3003A1D3C /* Preview Assets.xcassets in Resources */ = {isa = PBXBuildFile; fileRef = 6E59684825ED69E3003A1D3C /* Preview Assets.xcassets */; };
		6E5C0DE02631B7FD008CD8DF /* NetworkManager.swift in Sources */ = {isa = PBXBuildFile; fileRef = 6E5C0DDF2631B7FD008CD8DF /* NetworkManager.swift */; };
		6EB4FC7E2639FFB6005B6042 /* LocationManager.swift in Sources */ = {isa = PBXBuildFile; fileRef = 6EB4FC7D2639FFB6005B6042 /* LocationManager.swift */; };
		6EE6F83B25EE934400F652DB /* CameraView.swift in Sources */ = {isa = PBXBuildFile; fileRef = 6EE6F83A25EE934400F652DB /* CameraView.swift */; };
		6EE710D925F4325200CA3C4C /* PlaceImage.swift in Sources */ = {isa = PBXBuildFile; fileRef = 6EE710D825F4325200CA3C4C /* PlaceImage.swift */; };
		A632BB2E6C19A5FA98E2869D /* Pods_WPI2020.framework in Frameworks */ = {isa = PBXBuildFile; fileRef = 1F4D8BA0D14AA91EF372954C /* Pods_WPI2020.framework */; };
		C6F18D9225EEC7DD009E5F5B /* PlacesView.swift in Sources */ = {isa = PBXBuildFile; fileRef = C6F18D9125EEC7DD009E5F5B /* PlacesView.swift */; };
		C6F18D9725EEC836009E5F5B /* Place.swift in Sources */ = {isa = PBXBuildFile; fileRef = C6F18D9625EEC836009E5F5B /* Place.swift */; };
		C6F18D9B25EEC9F2009E5F5B /* Constants.swift in Sources */ = {isa = PBXBuildFile; fileRef = C6F18D9A25EEC9F2009E5F5B /* Constants.swift */; };
		C6F18DAB25EEE7B5009E5F5B /* ARViewRepresentable.swift in Sources */ = {isa = PBXBuildFile; fileRef = C6F18DAA25EEE7B5009E5F5B /* ARViewRepresentable.swift */; };
/* End PBXBuildFile section */

/* Begin PBXFileReference section */
		1F4D8BA0D14AA91EF372954C /* Pods_WPI2020.framework */ = {isa = PBXFileReference; explicitFileType = wrapper.framework; includeInIndex = 0; path = Pods_WPI2020.framework; sourceTree = BUILT_PRODUCTS_DIR; };
		276765CD4E005F9D01C2796D /* Pods-WPI2020.release.xcconfig */ = {isa = PBXFileReference; includeInIndex = 1; lastKnownFileType = text.xcconfig; name = "Pods-WPI2020.release.xcconfig"; path = "Target Support Files/Pods-WPI2020/Pods-WPI2020.release.xcconfig"; sourceTree = "<group>"; };
		6E22D6BC25F502CE0004B65E /* en */ = {isa = PBXFileReference; lastKnownFileType = text.plist.strings; name = en; path = en.lproj/Localizable.strings; sourceTree = "<group>"; };
		6E22D6BE25F502D10004B65E /* ru */ = {isa = PBXFileReference; lastKnownFileType = text.plist.strings; name = ru; path = ru.lproj/Localizable.strings; sourceTree = "<group>"; };
		6E22D6BF25F503A70004B65E /* LanguageConstants.swift */ = {isa = PBXFileReference; lastKnownFileType = sourcecode.swift; path = LanguageConstants.swift; sourceTree = "<group>"; };
		6E38EA6E25F02E5200430229 /* ARViewController.swift */ = {isa = PBXFileReference; lastKnownFileType = sourcecode.swift; path = ARViewController.swift; sourceTree = "<group>"; };
		6E43D84F263A16EE00943FE4 /* GlobalManager.swift */ = {isa = PBXFileReference; lastKnownFileType = sourcecode.swift; path = GlobalManager.swift; sourceTree = "<group>"; };
		6E573A22263AC76600BAA376 /* RoundedCornersShape.swift */ = {isa = PBXFileReference; lastKnownFileType = sourcecode.swift; path = RoundedCornersShape.swift; sourceTree = "<group>"; };
		6E59683E25ED69E2003A1D3C /* WPI2020.app */ = {isa = PBXFileReference; explicitFileType = wrapper.application; includeInIndex = 0; path = WPI2020.app; sourceTree = BUILT_PRODUCTS_DIR; };
		6E59684125ED69E2003A1D3C /* WPI2020App.swift */ = {isa = PBXFileReference; lastKnownFileType = sourcecode.swift; path = WPI2020App.swift; sourceTree = "<group>"; };
		6E59684325ED69E2003A1D3C /* ContentView.swift */ = {isa = PBXFileReference; lastKnownFileType = sourcecode.swift; path = ContentView.swift; sourceTree = "<group>"; };
		6E59684525ED69E3003A1D3C /* Assets.xcassets */ = {isa = PBXFileReference; lastKnownFileType = folder.assetcatalog; path = Assets.xcassets; sourceTree = "<group>"; };
		6E59684825ED69E3003A1D3C /* Preview Assets.xcassets */ = {isa = PBXFileReference; lastKnownFileType = folder.assetcatalog; path = "Preview Assets.xcassets"; sourceTree = "<group>"; };
		6E59684A25ED69E3003A1D3C /* Info.plist */ = {isa = PBXFileReference; lastKnownFileType = text.plist.xml; path = Info.plist; sourceTree = "<group>"; };
		6E5C0DDF2631B7FD008CD8DF /* NetworkManager.swift */ = {isa = PBXFileReference; lastKnownFileType = sourcecode.swift; path = NetworkManager.swift; sourceTree = "<group>"; };
		6EB4FC7D2639FFB6005B6042 /* LocationManager.swift */ = {isa = PBXFileReference; lastKnownFileType = sourcecode.swift; path = LocationManager.swift; sourceTree = "<group>"; };
		6EE6F83A25EE934400F652DB /* CameraView.swift */ = {isa = PBXFileReference; lastKnownFileType = sourcecode.swift; path = CameraView.swift; sourceTree = "<group>"; };
		6EE710D825F4325200CA3C4C /* PlaceImage.swift */ = {isa = PBXFileReference; lastKnownFileType = sourcecode.swift; path = PlaceImage.swift; sourceTree = "<group>"; };
		7FD065E5333D7BE9A165DC03 /* Pods-WPI2020.debug.xcconfig */ = {isa = PBXFileReference; includeInIndex = 1; lastKnownFileType = text.xcconfig; name = "Pods-WPI2020.debug.xcconfig"; path = "Target Support Files/Pods-WPI2020/Pods-WPI2020.debug.xcconfig"; sourceTree = "<group>"; };
		C6F18D9125EEC7DD009E5F5B /* PlacesView.swift */ = {isa = PBXFileReference; lastKnownFileType = sourcecode.swift; path = PlacesView.swift; sourceTree = "<group>"; };
		C6F18D9625EEC836009E5F5B /* Place.swift */ = {isa = PBXFileReference; lastKnownFileType = sourcecode.swift; path = Place.swift; sourceTree = "<group>"; };
		C6F18D9A25EEC9F2009E5F5B /* Constants.swift */ = {isa = PBXFileReference; lastKnownFileType = sourcecode.swift; path = Constants.swift; sourceTree = "<group>"; };
		C6F18DAA25EEE7B5009E5F5B /* ARViewRepresentable.swift */ = {isa = PBXFileReference; lastKnownFileType = sourcecode.swift; path = ARViewRepresentable.swift; sourceTree = "<group>"; };
/* End PBXFileReference section */

/* Begin PBXFrameworksBuildPhase section */
		6E59683B25ED69E2003A1D3C /* Frameworks */ = {
			isa = PBXFrameworksBuildPhase;
			buildActionMask = 2147483647;
			files = (
				A632BB2E6C19A5FA98E2869D /* Pods_WPI2020.framework in Frameworks */,
			);
			runOnlyForDeploymentPostprocessing = 0;
		};
/* End PBXFrameworksBuildPhase section */

/* Begin PBXGroup section */
		3D456EF5D6DFF9E3A0201CA4 /* Pods */ = {
			isa = PBXGroup;
			children = (
				7FD065E5333D7BE9A165DC03 /* Pods-WPI2020.debug.xcconfig */,
				276765CD4E005F9D01C2796D /* Pods-WPI2020.release.xcconfig */,
			);
			path = Pods;
			sourceTree = "<group>";
		};
		6E38EA7325F02F4800430229 /* ViewControllers */ = {
			isa = PBXGroup;
			children = (
				6E38EA7725F0314000430229 /* ARViewController */,
			);
			path = ViewControllers;
			sourceTree = "<group>";
		};
		6E38EA7725F0314000430229 /* ARViewController */ = {
			isa = PBXGroup;
			children = (
				C6F18DAA25EEE7B5009E5F5B /* ARViewRepresentable.swift */,
				6E38EA6E25F02E5200430229 /* ARViewController.swift */,
			);
			path = ARViewController;
			sourceTree = "<group>";
		};
		6E59683525ED69E2003A1D3C = {
			isa = PBXGroup;
			children = (
				6E59684025ED69E2003A1D3C /* WPI2020 */,
				6E59683F25ED69E2003A1D3C /* Products */,
				3D456EF5D6DFF9E3A0201CA4 /* Pods */,
				BE3F343157962856869A11F7 /* Frameworks */,
			);
			sourceTree = "<group>";
		};
		6E59683F25ED69E2003A1D3C /* Products */ = {
			isa = PBXGroup;
			children = (
				6E59683E25ED69E2003A1D3C /* WPI2020.app */,
			);
			name = Products;
			sourceTree = "<group>";
		};
		6E59684025ED69E2003A1D3C /* WPI2020 */ = {
			isa = PBXGroup;
			children = (
				6E59684125ED69E2003A1D3C /* WPI2020App.swift */,
				6E59684325ED69E2003A1D3C /* ContentView.swift */,
				C6F18D9425EEC7F9009E5F5B /* Views */,
				6E38EA7325F02F4800430229 /* ViewControllers */,
				C6F18D9E25EECEA8009E5F5B /* Model */,
				6E5C0DE22631B808008CD8DF /* Managers */,
				C6F18D9925EEC9D4009E5F5B /* Constants */,
				6E59684525ED69E3003A1D3C /* Assets.xcassets */,
				6E59684A25ED69E3003A1D3C /* Info.plist */,
				6E22D6BF25F503A70004B65E /* LanguageConstants.swift */,
				6E22D6BD25F502CE0004B65E /* Localizable.strings */,
				6E59684725ED69E3003A1D3C /* Preview Content */,
			);
			path = WPI2020;
			sourceTree = "<group>";
		};
		6E59684725ED69E3003A1D3C /* Preview Content */ = {
			isa = PBXGroup;
			children = (
				6E59684825ED69E3003A1D3C /* Preview Assets.xcassets */,
			);
			path = "Preview Content";
			sourceTree = "<group>";
		};
		6E5C0DE22631B808008CD8DF /* Managers */ = {
			isa = PBXGroup;
			children = (
				6E5C0DDF2631B7FD008CD8DF /* NetworkManager.swift */,
				6EB4FC7D2639FFB6005B6042 /* LocationManager.swift */,
				6E43D84F263A16EE00943FE4 /* GlobalManager.swift */,
			);
			path = Managers;
			sourceTree = "<group>";
		};
		BE3F343157962856869A11F7 /* Frameworks */ = {
			isa = PBXGroup;
			children = (
				1F4D8BA0D14AA91EF372954C /* Pods_WPI2020.framework */,
			);
			name = Frameworks;
			sourceTree = "<group>";
		};
		C6F18D9425EEC7F9009E5F5B /* Views */ = {
			isa = PBXGroup;
			children = (
				6EE6F83A25EE934400F652DB /* CameraView.swift */,
				C6F18D9125EEC7DD009E5F5B /* PlacesView.swift */,
				6E573A22263AC76600BAA376 /* RoundedCornersShape.swift */,
			);
			path = Views;
			sourceTree = "<group>";
		};
		C6F18D9925EEC9D4009E5F5B /* Constants */ = {
			isa = PBXGroup;
			children = (
				C6F18D9A25EEC9F2009E5F5B /* Constants.swift */,
			);
			path = Constants;
			sourceTree = "<group>";
		};
		C6F18D9E25EECEA8009E5F5B /* Model */ = {
			isa = PBXGroup;
			children = (
				C6F18D9625EEC836009E5F5B /* Place.swift */,
				6EE710D825F4325200CA3C4C /* PlaceImage.swift */,
			);
			path = Model;
			sourceTree = "<group>";
		};
/* End PBXGroup section */

/* Begin PBXNativeTarget section */
		6E59683D25ED69E2003A1D3C /* WPI2020 */ = {
			isa = PBXNativeTarget;
			buildConfigurationList = 6E59684D25ED69E3003A1D3C /* Build configuration list for PBXNativeTarget "WPI2020" */;
			buildPhases = (
				D97CE6DEA47A6F16C0781AF2 /* [CP] Check Pods Manifest.lock */,
				6E59683A25ED69E2003A1D3C /* Sources */,
				6E59683B25ED69E2003A1D3C /* Frameworks */,
				6E59683C25ED69E2003A1D3C /* Resources */,
				1CF362740FE3FE9191FA8B2F /* [CP] Embed Pods Frameworks */,
			);
			buildRules = (
			);
			dependencies = (
			);
			name = WPI2020;
			productName = WPI2020;
			productReference = 6E59683E25ED69E2003A1D3C /* WPI2020.app */;
			productType = "com.apple.product-type.application";
		};
/* End PBXNativeTarget section */

/* Begin PBXProject section */
		6E59683625ED69E2003A1D3C /* Project object */ = {
			isa = PBXProject;
			attributes = {
				LastSwiftUpdateCheck = 1230;
				LastUpgradeCheck = 1230;
				TargetAttributes = {
					6E59683D25ED69E2003A1D3C = {
						CreatedOnToolsVersion = 12.3;
					};
				};
			};
			buildConfigurationList = 6E59683925ED69E2003A1D3C /* Build configuration list for PBXProject "WPI2020" */;
			compatibilityVersion = "Xcode 9.3";
			developmentRegion = en;
			hasScannedForEncodings = 0;
			knownRegions = (
				en,
				Base,
				ru,
			);
			mainGroup = 6E59683525ED69E2003A1D3C;
			productRefGroup = 6E59683F25ED69E2003A1D3C /* Products */;
			projectDirPath = "";
			projectRoot = "";
			targets = (
				6E59683D25ED69E2003A1D3C /* WPI2020 */,
			);
		};
/* End PBXProject section */

/* Begin PBXResourcesBuildPhase section */
		6E59683C25ED69E2003A1D3C /* Resources */ = {
			isa = PBXResourcesBuildPhase;
			buildActionMask = 2147483647;
			files = (
				6E59684925ED69E3003A1D3C /* Preview Assets.xcassets in Resources */,
				6E22D6BB25F502CE0004B65E /* Localizable.strings in Resources */,
				6E59684625ED69E3003A1D3C /* Assets.xcassets in Resources */,
			);
			runOnlyForDeploymentPostprocessing = 0;
		};
/* End PBXResourcesBuildPhase section */

/* Begin PBXShellScriptBuildPhase section */
		1CF362740FE3FE9191FA8B2F /* [CP] Embed Pods Frameworks */ = {
			isa = PBXShellScriptBuildPhase;
			buildActionMask = 2147483647;
			files = (
			);
			inputFileListPaths = (
				"${PODS_ROOT}/Target Support Files/Pods-WPI2020/Pods-WPI2020-frameworks-${CONFIGURATION}-input-files.xcfilelist",
			);
			name = "[CP] Embed Pods Frameworks";
			outputFileListPaths = (
				"${PODS_ROOT}/Target Support Files/Pods-WPI2020/Pods-WPI2020-frameworks-${CONFIGURATION}-output-files.xcfilelist",
			);
			runOnlyForDeploymentPostprocessing = 0;
			shellPath = /bin/sh;
			shellScript = "\"${PODS_ROOT}/Target Support Files/Pods-WPI2020/Pods-WPI2020-frameworks.sh\"\n";
			showEnvVarsInLog = 0;
		};
		D97CE6DEA47A6F16C0781AF2 /* [CP] Check Pods Manifest.lock */ = {
			isa = PBXShellScriptBuildPhase;
			buildActionMask = 2147483647;
			files = (
			);
			inputFileListPaths = (
			);
			inputPaths = (
				"${PODS_PODFILE_DIR_PATH}/Podfile.lock",
				"${PODS_ROOT}/Manifest.lock",
			);
			name = "[CP] Check Pods Manifest.lock";
			outputFileListPaths = (
			);
			outputPaths = (
				"$(DERIVED_FILE_DIR)/Pods-WPI2020-checkManifestLockResult.txt",
			);
			runOnlyForDeploymentPostprocessing = 0;
			shellPath = /bin/sh;
			shellScript = "diff \"${PODS_PODFILE_DIR_PATH}/Podfile.lock\" \"${PODS_ROOT}/Manifest.lock\" > /dev/null\nif [ $? != 0 ] ; then\n    # print error to STDERR\n    echo \"error: The sandbox is not in sync with the Podfile.lock. Run 'pod install' or update your CocoaPods installation.\" >&2\n    exit 1\nfi\n# This output is used by Xcode 'outputs' to avoid re-running this script phase.\necho \"SUCCESS\" > \"${SCRIPT_OUTPUT_FILE_0}\"\n";
			showEnvVarsInLog = 0;
		};
/* End PBXShellScriptBuildPhase section */

/* Begin PBXSourcesBuildPhase section */
		6E59683A25ED69E2003A1D3C /* Sources */ = {
			isa = PBXSourcesBuildPhase;
			buildActionMask = 2147483647;
			files = (
				C6F18D9225EEC7DD009E5F5B /* PlacesView.swift in Sources */,
				6EE710D925F4325200CA3C4C /* PlaceImage.swift in Sources */,
				C6F18DAB25EEE7B5009E5F5B /* ARViewRepresentable.swift in Sources */,
				6E43D850263A16EE00943FE4 /* GlobalManager.swift in Sources */,
				C6F18D9B25EEC9F2009E5F5B /* Constants.swift in Sources */,
				6E5C0DE02631B7FD008CD8DF /* NetworkManager.swift in Sources */,
				6E573A23263AC76600BAA376 /* RoundedCornersShape.swift in Sources */,
				6E38EA6F25F02E5200430229 /* ARViewController.swift in Sources */,
				6EE6F83B25EE934400F652DB /* CameraView.swift in Sources */,
				6E22D6C025F503A70004B65E /* LanguageConstants.swift in Sources */,
				6EB4FC7E2639FFB6005B6042 /* LocationManager.swift in Sources */,
				C6F18D9725EEC836009E5F5B /* Place.swift in Sources */,
				6E59684425ED69E2003A1D3C /* ContentView.swift in Sources */,
				6E59684225ED69E2003A1D3C /* WPI2020App.swift in Sources */,
			);
			runOnlyForDeploymentPostprocessing = 0;
		};
/* End PBXSourcesBuildPhase section */

/* Begin PBXVariantGroup section */
		6E22D6BD25F502CE0004B65E /* Localizable.strings */ = {
			isa = PBXVariantGroup;
			children = (
				6E22D6BC25F502CE0004B65E /* en */,
				6E22D6BE25F502D10004B65E /* ru */,
			);
			name = Localizable.strings;
			sourceTree = "<group>";
		};
/* End PBXVariantGroup section */

/* Begin XCBuildConfiguration section */
		6E59684B25ED69E3003A1D3C /* Debug */ = {
			isa = XCBuildConfiguration;
			buildSettings = {
				ALWAYS_SEARCH_USER_PATHS = NO;
				CLANG_ANALYZER_NONNULL = YES;
				CLANG_ANALYZER_NUMBER_OBJECT_CONVERSION = YES_AGGRESSIVE;
				CLANG_CXX_LANGUAGE_STANDARD = "gnu++14";
				CLANG_CXX_LIBRARY = "libc++";
				CLANG_ENABLE_MODULES = YES;
				CLANG_ENABLE_OBJC_ARC = YES;
				CLANG_ENABLE_OBJC_WEAK = YES;
				CLANG_WARN_BLOCK_CAPTURE_AUTORELEASING = YES;
				CLANG_WARN_BOOL_CONVERSION = YES;
				CLANG_WARN_COMMA = YES;
				CLANG_WARN_CONSTANT_CONVERSION = YES;
				CLANG_WARN_DEPRECATED_OBJC_IMPLEMENTATIONS = YES;
				CLANG_WARN_DIRECT_OBJC_ISA_USAGE = YES_ERROR;
				CLANG_WARN_DOCUMENTATION_COMMENTS = YES;
				CLANG_WARN_EMPTY_BODY = YES;
				CLANG_WARN_ENUM_CONVERSION = YES;
				CLANG_WARN_INFINITE_RECURSION = YES;
				CLANG_WARN_INT_CONVERSION = YES;
				CLANG_WARN_NON_LITERAL_NULL_CONVERSION = YES;
				CLANG_WARN_OBJC_IMPLICIT_RETAIN_SELF = YES;
				CLANG_WARN_OBJC_LITERAL_CONVERSION = YES;
				CLANG_WARN_OBJC_ROOT_CLASS = YES_ERROR;
				CLANG_WARN_QUOTED_INCLUDE_IN_FRAMEWORK_HEADER = YES;
				CLANG_WARN_RANGE_LOOP_ANALYSIS = YES;
				CLANG_WARN_STRICT_PROTOTYPES = YES;
				CLANG_WARN_SUSPICIOUS_MOVE = YES;
				CLANG_WARN_UNGUARDED_AVAILABILITY = YES_AGGRESSIVE;
				CLANG_WARN_UNREACHABLE_CODE = YES;
				CLANG_WARN__DUPLICATE_METHOD_MATCH = YES;
				COPY_PHASE_STRIP = NO;
				DEBUG_INFORMATION_FORMAT = dwarf;
				ENABLE_STRICT_OBJC_MSGSEND = YES;
				ENABLE_TESTABILITY = YES;
				GCC_C_LANGUAGE_STANDARD = gnu11;
				GCC_DYNAMIC_NO_PIC = NO;
				GCC_NO_COMMON_BLOCKS = YES;
				GCC_OPTIMIZATION_LEVEL = 0;
				GCC_PREPROCESSOR_DEFINITIONS = (
					"DEBUG=1",
					"$(inherited)",
				);
				GCC_WARN_64_TO_32_BIT_CONVERSION = YES;
				GCC_WARN_ABOUT_RETURN_TYPE = YES_ERROR;
				GCC_WARN_UNDECLARED_SELECTOR = YES;
				GCC_WARN_UNINITIALIZED_AUTOS = YES_AGGRESSIVE;
				GCC_WARN_UNUSED_FUNCTION = YES;
				GCC_WARN_UNUSED_VARIABLE = YES;
				IPHONEOS_DEPLOYMENT_TARGET = 14.3;
				MTL_ENABLE_DEBUG_INFO = INCLUDE_SOURCE;
				MTL_FAST_MATH = YES;
				ONLY_ACTIVE_ARCH = YES;
				SDKROOT = iphoneos;
				SWIFT_ACTIVE_COMPILATION_CONDITIONS = DEBUG;
				SWIFT_OPTIMIZATION_LEVEL = "-Onone";
			};
			name = Debug;
		};
		6E59684C25ED69E3003A1D3C /* Release */ = {
			isa = XCBuildConfiguration;
			buildSettings = {
				ALWAYS_SEARCH_USER_PATHS = NO;
				CLANG_ANALYZER_NONNULL = YES;
				CLANG_ANALYZER_NUMBER_OBJECT_CONVERSION = YES_AGGRESSIVE;
				CLANG_CXX_LANGUAGE_STANDARD = "gnu++14";
				CLANG_CXX_LIBRARY = "libc++";
				CLANG_ENABLE_MODULES = YES;
				CLANG_ENABLE_OBJC_ARC = YES;
				CLANG_ENABLE_OBJC_WEAK = YES;
				CLANG_WARN_BLOCK_CAPTURE_AUTORELEASING = YES;
				CLANG_WARN_BOOL_CONVERSION = YES;
				CLANG_WARN_COMMA = YES;
				CLANG_WARN_CONSTANT_CONVERSION = YES;
				CLANG_WARN_DEPRECATED_OBJC_IMPLEMENTATIONS = YES;
				CLANG_WARN_DIRECT_OBJC_ISA_USAGE = YES_ERROR;
				CLANG_WARN_DOCUMENTATION_COMMENTS = YES;
				CLANG_WARN_EMPTY_BODY = YES;
				CLANG_WARN_ENUM_CONVERSION = YES;
				CLANG_WARN_INFINITE_RECURSION = YES;
				CLANG_WARN_INT_CONVERSION = YES;
				CLANG_WARN_NON_LITERAL_NULL_CONVERSION = YES;
				CLANG_WARN_OBJC_IMPLICIT_RETAIN_SELF = YES;
				CLANG_WARN_OBJC_LITERAL_CONVERSION = YES;
				CLANG_WARN_OBJC_ROOT_CLASS = YES_ERROR;
				CLANG_WARN_QUOTED_INCLUDE_IN_FRAMEWORK_HEADER = YES;
				CLANG_WARN_RANGE_LOOP_ANALYSIS = YES;
				CLANG_WARN_STRICT_PROTOTYPES = YES;
				CLANG_WARN_SUSPICIOUS_MOVE = YES;
				CLANG_WARN_UNGUARDED_AVAILABILITY = YES_AGGRESSIVE;
				CLANG_WARN_UNREACHABLE_CODE = YES;
				CLANG_WARN__DUPLICATE_METHOD_MATCH = YES;
				COPY_PHASE_STRIP = NO;
				DEBUG_INFORMATION_FORMAT = "dwarf-with-dsym";
				ENABLE_NS_ASSERTIONS = NO;
				ENABLE_STRICT_OBJC_MSGSEND = YES;
				GCC_C_LANGUAGE_STANDARD = gnu11;
				GCC_NO_COMMON_BLOCKS = YES;
				GCC_WARN_64_TO_32_BIT_CONVERSION = YES;
				GCC_WARN_ABOUT_RETURN_TYPE = YES_ERROR;
				GCC_WARN_UNDECLARED_SELECTOR = YES;
				GCC_WARN_UNINITIALIZED_AUTOS = YES_AGGRESSIVE;
				GCC_WARN_UNUSED_FUNCTION = YES;
				GCC_WARN_UNUSED_VARIABLE = YES;
				IPHONEOS_DEPLOYMENT_TARGET = 14.3;
				MTL_ENABLE_DEBUG_INFO = NO;
				MTL_FAST_MATH = YES;
				SDKROOT = iphoneos;
				SWIFT_COMPILATION_MODE = wholemodule;
				SWIFT_OPTIMIZATION_LEVEL = "-O";
				VALIDATE_PRODUCT = YES;
			};
			name = Release;
		};
		6E59684E25ED69E3003A1D3C /* Debug */ = {
			isa = XCBuildConfiguration;
			baseConfigurationReference = 7FD065E5333D7BE9A165DC03 /* Pods-WPI2020.debug.xcconfig */;
			buildSettings = {
				ASSETCATALOG_COMPILER_APPICON_NAME = AppIcon;
				ASSETCATALOG_COMPILER_GLOBAL_ACCENT_COLOR_NAME = AccentColor;
				CODE_SIGN_STYLE = Automatic;
				DEVELOPMENT_ASSET_PATHS = "\"WPI2020/Preview Content\"";
				DEVELOPMENT_TEAM = X63B5429QJ;
				ENABLE_PREVIEWS = YES;
				INFOPLIST_FILE = WPI2020/Info.plist;
				IPHONEOS_DEPLOYMENT_TARGET = 14.0;
				LD_RUNPATH_SEARCH_PATHS = (
					"$(inherited)",
					"@executable_path/Frameworks",
				);
				PRODUCT_BUNDLE_IDENTIFIER = shishkinart.wpi;
				PRODUCT_NAME = "$(TARGET_NAME)";
				SWIFT_VERSION = 5.0;
				TARGETED_DEVICE_FAMILY = "1,2";
			};
			name = Debug;
		};
		6E59684F25ED69E3003A1D3C /* Release */ = {
			isa = XCBuildConfiguration;
			baseConfigurationReference = 276765CD4E005F9D01C2796D /* Pods-WPI2020.release.xcconfig */;
			buildSettings = {
				ASSETCATALOG_COMPILER_APPICON_NAME = AppIcon;
				ASSETCATALOG_COMPILER_GLOBAL_ACCENT_COLOR_NAME = AccentColor;
				CODE_SIGN_STYLE = Automatic;
				DEVELOPMENT_ASSET_PATHS = "\"WPI2020/Preview Content\"";
				DEVELOPMENT_TEAM = X63B5429QJ;
				ENABLE_PREVIEWS = YES;
				INFOPLIST_FILE = WPI2020/Info.plist;
				IPHONEOS_DEPLOYMENT_TARGET = 14.0;
				LD_RUNPATH_SEARCH_PATHS = (
					"$(inherited)",
					"@executable_path/Frameworks",
				);
				PRODUCT_BUNDLE_IDENTIFIER = shishkinart.wpi;
				PRODUCT_NAME = "$(TARGET_NAME)";
				SWIFT_VERSION = 5.0;
				TARGETED_DEVICE_FAMILY = "1,2";
			};
			name = Release;
		};
/* End XCBuildConfiguration section */

/* Begin XCConfigurationList section */
		6E59683925ED69E2003A1D3C /* Build configuration list for PBXProject "WPI2020" */ = {
			isa = XCConfigurationList;
			buildConfigurations = (
				6E59684B25ED69E3003A1D3C /* Debug */,
				6E59684C25ED69E3003A1D3C /* Release */,
			);
			defaultConfigurationIsVisible = 0;
			defaultConfigurationName = Release;
		};
		6E59684D25ED69E3003A1D3C /* Build configuration list for PBXNativeTarget "WPI2020" */ = {
			isa = XCConfigurationList;
			buildConfigurations = (
				6E59684E25ED69E3003A1D3C /* Debug */,
				6E59684F25ED69E3003A1D3C /* Release */,
			);
			defaultConfigurationIsVisible = 0;
			defaultConfigurationName = Release;
		};
/* End XCConfigurationList section */
	};
	rootObject = 6E59683625ED69E2003A1D3C /* Project object */;
}
